
Microsoft Visual Studio Solution File, Format Version 12.00
# Visual Studio Version 17
VisualStudioVersion = 17.9.34414.90
MinimumVisualStudioVersion = 10.0.40219.1
Project("{FAE04EC0-301F-11D3-BF4B-00C04F79EFBC}") = "Login", "Login\Login.csproj", "{00EF445D-D165-4AAD-B171-D6815C14546F}"
EndProject
Global
	GlobalSection(SolutionConfigurationPlatforms) = preSolution
		Debug|Any CPU = Debug|Any CPU
		Release|Any CPU = Release|Any CPU
	EndGlobalSection
	GlobalSection(ProjectConfigurationPlatforms) = postSolution
		{00EF445D-D165-4AAD-B171-D6815C14546F}.Debug|Any CPU.ActiveCfg = Debug|Any CPU
		{00EF445D-D165-4AAD-B171-D6815C14546F}.Debug|Any CPU.Build.0 = Debug|Any CPU
		{00EF445D-D165-4AAD-B171-D6815C14546F}.Release|Any CPU.ActiveCfg = Release|Any CPU
		{00EF445D-D165-4AAD-B171-D6815C14546F}.Release|Any CPU.Build.0 = Release|Any CPU
	EndGlobalSection
	GlobalSection(SolutionProperties) = preSolution
		HideSolutionNode = FALSE
	EndGlobalSection
	GlobalSection(ExtensibilityGlobals) = postSolution
		SolutionGuid = {BA3D4470-A7B4-43FC-87B3-B98D07C7927D}
	EndGlobalSection
EndGlobal
